# This file is automatically @generated by Cargo.
# It is not intended for manual editing.
version = 4

[[package]]
name = "uniremote-core"
version = "0.1.0"

[[package]]
name = "uniremote-input"
version = "0.1.0"

[[package]]
name = "uniremote-loader"
version = "0.1.0"

[[package]]
name = "uniremote-lua"
version = "0.1.0"

[[package]]
name = "uniremote-render"
version = "0.1.0"

[[package]]
name = "uniremote-server"
version = "0.1.0"
